
Microsoft Visual Studio Solution File, Format Version 12.00
# Visual Studio 14
VisualStudioVersion = 14.0.25420.1
MinimumVisualStudioVersion = 10.0.40219.1
Project("{FAE04EC0-301F-11D3-BF4B-00C04F79EFBC}") = "ExchangeRates", "ExchangeRates\ExchangeRates\ExchangeRates.csproj", "{CACDEFD2-ECD1-41B8-A358-A2D81EF10831}"
EndProject
Project("{FAE04EC0-301F-11D3-BF4B-00C04F79EFBC}") = "ExchangeRates.Droid", "ExchangeRates\ExchangeRates.Droid\ExchangeRates.Droid.csproj", "{FD4F8296-8C12-4B38-AF14-2622485CEA9D}"
EndProject
Project("{FAE04EC0-301F-11D3-BF4B-00C04F79EFBC}") = "ExchangeRates.iOS", "ExchangeRates\ExchangeRates.iOS\ExchangeRates.iOS.csproj", "{4CA1FEA0-B5C8-40AC-B956-463FA4469031}"
EndProject
Project("{FAE04EC0-301F-11D3-BF4B-00C04F79EFBC}") = "ExchangeRates.WinPhone", "ExchangeRates\ExchangeRates.WinPhone\ExchangeRates.WinPhone.csproj", "{2867B9B5-F22B-4E90-B3A1-0E21FDE29C6A}"
EndProject
Project("{FAE04EC0-301F-11D3-BF4B-00C04F79EFBC}") = "ExchangeRates.UWP", "ExchangeRates\ExchangeRates.UWP\ExchangeRates.UWP.csproj", "{A4AA0104-F770-4077-832F-0118A4A63746}"
EndProject
Project("{FAE04EC0-301F-11D3-BF4B-00C04F79EFBC}") = "ExchangeRates.Windows", "ExchangeRates\ExchangeRates.Windows\ExchangeRates.Windows.csproj", "{382F2665-38B8-47A4-9FE5-7DA8E8721FEB}"
EndProject
Global
	GlobalSection(SolutionConfigurationPlatforms) = preSolution
		Ad-Hoc|Any CPU = Ad-Hoc|Any CPU
		Ad-Hoc|ARM = Ad-Hoc|ARM
		Ad-Hoc|iPhone = Ad-Hoc|iPhone
		Ad-Hoc|iPhoneSimulator = Ad-Hoc|iPhoneSimulator
		Ad-Hoc|x64 = Ad-Hoc|x64
		Ad-Hoc|x86 = Ad-Hoc|x86
		AppStore|Any CPU = AppStore|Any CPU
		AppStore|ARM = AppStore|ARM
		AppStore|iPhone = AppStore|iPhone
		AppStore|iPhoneSimulator = AppStore|iPhoneSimulator
		AppStore|x64 = AppStore|x64
		AppStore|x86 = AppStore|x86
		Debug|Any CPU = Debug|Any CPU
		Debug|ARM = Debug|ARM
		Debug|iPhone = Debug|iPhone
		Debug|iPhoneSimulator = Debug|iPhoneSimulator
		Debug|x64 = Debug|x64
		Debug|x86 = Debug|x86
		Release|Any CPU = Release|Any CPU
		Release|ARM = Release|ARM
		Release|iPhone = Release|iPhone
		Release|iPhoneSimulator = Release|iPhoneSimulator
		Release|x64 = Release|x64
		Release|x86 = Release|x86
	EndGlobalSection
	GlobalSection(ProjectConfigurationPlatforms) = postSolution
		{CACDEFD2-ECD1-41B8-A358-A2D81EF10831}.Ad-Hoc|Any CPU.ActiveCfg = Release|Any CPU
		{CACDEFD2-ECD1-41B8-A358-A2D81EF10831}.Ad-Hoc|Any CPU.Build.0 = Release|Any CPU
		{CACDEFD2-ECD1-41B8-A358-A2D81EF10831}.Ad-Hoc|ARM.ActiveCfg = Release|Any CPU
		{CACDEFD2-ECD1-41B8-A358-A2D81EF10831}.Ad-Hoc|ARM.Build.0 = Release|Any CPU
		{CACDEFD2-ECD1-41B8-A358-A2D81EF10831}.Ad-Hoc|iPhone.ActiveCfg = Release|Any CPU
		{CACDEFD2-ECD1-41B8-A358-A2D81EF10831}.Ad-Hoc|iPhone.Build.0 = Release|Any CPU
		{CACDEFD2-ECD1-41B8-A358-A2D81EF10831}.Ad-Hoc|iPhoneSimulator.ActiveCfg = Release|Any CPU
		{CACDEFD2-ECD1-41B8-A358-A2D81EF10831}.Ad-Hoc|iPhoneSimulator.Build.0 = Release|Any CPU
		{CACDEFD2-ECD1-41B8-A358-A2D81EF10831}.Ad-Hoc|x64.ActiveCfg = Release|Any CPU
		{CACDEFD2-ECD1-41B8-A358-A2D81EF10831}.Ad-Hoc|x64.Build.0 = Release|Any CPU
		{CACDEFD2-ECD1-41B8-A358-A2D81EF10831}.Ad-Hoc|x86.ActiveCfg = Release|Any CPU
		{CACDEFD2-ECD1-41B8-A358-A2D81EF10831}.Ad-Hoc|x86.Build.0 = Release|Any CPU
		{CACDEFD2-ECD1-41B8-A358-A2D81EF10831}.AppStore|Any CPU.ActiveCfg = Release|Any CPU
		{CACDEFD2-ECD1-41B8-A358-A2D81EF10831}.AppStore|Any CPU.Build.0 = Release|Any CPU
		{CACDEFD2-ECD1-41B8-A358-A2D81EF10831}.AppStore|ARM.ActiveCfg = Release|Any CPU
		{CACDEFD2-ECD1-41B8-A358-A2D81EF10831}.AppStore|ARM.Build.0 = Release|Any CPU
		{CACDEFD2-ECD1-41B8-A358-A2D81EF10831}.AppStore|iPhone.ActiveCfg = Release|Any CPU
		{CACDEFD2-ECD1-41B8-A358-A2D81EF10831}.AppStore|iPhone.Build.0 = Release|Any CPU
		{CACDEFD2-ECD1-41B8-A358-A2D81EF10831}.AppStore|iPhoneSimulator.ActiveCfg = Release|Any CPU
		{CACDEFD2-ECD1-41B8-A358-A2D81EF10831}.AppStore|iPhoneSimulator.Build.0 = Release|Any CPU
		{CACDEFD2-ECD1-41B8-A358-A2D81EF10831}.AppStore|x64.ActiveCfg = Release|Any CPU
		{CACDEFD2-ECD1-41B8-A358-A2D81EF10831}.AppStore|x64.Build.0 = Release|Any CPU
		{CACDEFD2-ECD1-41B8-A358-A2D81EF10831}.AppStore|x86.ActiveCfg = Release|Any CPU
		{CACDEFD2-ECD1-41B8-A358-A2D81EF10831}.AppStore|x86.Build.0 = Release|Any CPU
		{CACDEFD2-ECD1-41B8-A358-A2D81EF10831}.Debug|Any CPU.ActiveCfg = Debug|Any CPU
		{CACDEFD2-ECD1-41B8-A358-A2D81EF10831}.Debug|Any CPU.Build.0 = Debug|Any CPU
		{CACDEFD2-ECD1-41B8-A358-A2D81EF10831}.Debug|ARM.ActiveCfg = Debug|Any CPU
		{CACDEFD2-ECD1-41B8-A358-A2D81EF10831}.Debug|ARM.Build.0 = Debug|Any CPU
		{CACDEFD2-ECD1-41B8-A358-A2D81EF10831}.Debug|iPhone.ActiveCfg = Debug|Any CPU
		{CACDEFD2-ECD1-41B8-A358-A2D81EF10831}.Debug|iPhone.Build.0 = Debug|Any CPU
		{CACDEFD2-ECD1-41B8-A358-A2D81EF10831}.Debug|iPhoneSimulator.ActiveCfg = Debug|Any CPU
		{CACDEFD2-ECD1-41B8-A358-A2D81EF10831}.Debug|iPhoneSimulator.Build.0 = Debug|Any CPU
		{CACDEFD2-ECD1-41B8-A358-A2D81EF10831}.Debug|x64.ActiveCfg = Debug|Any CPU
		{CACDEFD2-ECD1-41B8-A358-A2D81EF10831}.Debug|x64.Build.0 = Debug|Any CPU
		{CACDEFD2-ECD1-41B8-A358-A2D81EF10831}.Debug|x86.ActiveCfg = Debug|Any CPU
		{CACDEFD2-ECD1-41B8-A358-A2D81EF10831}.Debug|x86.Build.0 = Debug|Any CPU
		{CACDEFD2-ECD1-41B8-A358-A2D81EF10831}.Release|Any CPU.ActiveCfg = Release|Any CPU
		{CACDEFD2-ECD1-41B8-A358-A2D81EF10831}.Release|Any CPU.Build.0 = Release|Any CPU
		{CACDEFD2-ECD1-41B8-A358-A2D81EF10831}.Release|ARM.ActiveCfg = Release|Any CPU
		{CACDEFD2-ECD1-41B8-A358-A2D81EF10831}.Release|ARM.Build.0 = Release|Any CPU
		{CACDEFD2-ECD1-41B8-A358-A2D81EF10831}.Release|iPhone.ActiveCfg = Release|Any CPU
		{CACDEFD2-ECD1-41B8-A358-A2D81EF10831}.Release|iPhone.Build.0 = Release|Any CPU
		{CACDEFD2-ECD1-41B8-A358-A2D81EF10831}.Release|iPhoneSimulator.ActiveCfg = Release|Any CPU
		{CACDEFD2-ECD1-41B8-A358-A2D81EF10831}.Release|iPhoneSimulator.Build.0 = Release|Any CPU
		{CACDEFD2-ECD1-41B8-A358-A2D81EF10831}.Release|x64.ActiveCfg = Release|Any CPU
		{CACDEFD2-ECD1-41B8-A358-A2D81EF10831}.Release|x64.Build.0 = Release|Any CPU
		{CACDEFD2-ECD1-41B8-A358-A2D81EF10831}.Release|x86.ActiveCfg = Release|Any CPU
		{CACDEFD2-ECD1-41B8-A358-A2D81EF10831}.Release|x86.Build.0 = Release|Any CPU
		{FD4F8296-8C12-4B38-AF14-2622485CEA9D}.Ad-Hoc|Any CPU.ActiveCfg = Release|Any CPU
		{FD4F8296-8C12-4B38-AF14-2622485CEA9D}.Ad-Hoc|Any CPU.Build.0 = Release|Any CPU
		{FD4F8296-8C12-4B38-AF14-2622485CEA9D}.Ad-Hoc|Any CPU.Deploy.0 = Release|Any CPU
		{FD4F8296-8C12-4B38-AF14-2622485CEA9D}.Ad-Hoc|ARM.ActiveCfg = Release|Any CPU
		{FD4F8296-8C12-4B38-AF14-2622485CEA9D}.Ad-Hoc|ARM.Build.0 = Release|Any CPU
		{FD4F8296-8C12-4B38-AF14-2622485CEA9D}.Ad-Hoc|ARM.Deploy.0 = Release|Any CPU
		{FD4F8296-8C12-4B38-AF14-2622485CEA9D}.Ad-Hoc|iPhone.ActiveCfg = Release|Any CPU
		{FD4F8296-8C12-4B38-AF14-2622485CEA9D}.Ad-Hoc|iPhone.Build.0 = Release|Any CPU
		{FD4F8296-8C12-4B38-AF14-2622485CEA9D}.Ad-Hoc|iPhone.Deploy.0 = Release|Any CPU
		{FD4F8296-8C12-4B38-AF14-2622485CEA9D}.Ad-Hoc|iPhoneSimulator.ActiveCfg = Release|Any CPU
		{FD4F8296-8C12-4B38-AF14-2622485CEA9D}.Ad-Hoc|iPhoneSimulator.Build.0 = Release|Any CPU
		{FD4F8296-8C12-4B38-AF14-2622485CEA9D}.Ad-Hoc|iPhoneSimulator.Deploy.0 = Release|Any CPU
		{FD4F8296-8C12-4B38-AF14-2622485CEA9D}.Ad-Hoc|x64.ActiveCfg = Release|Any CPU
		{FD4F8296-8C12-4B38-AF14-2622485CEA9D}.Ad-Hoc|x64.Build.0 = Release|Any CPU
		{FD4F8296-8C12-4B38-AF14-2622485CEA9D}.Ad-Hoc|x64.Deploy.0 = Release|Any CPU
		{FD4F8296-8C12-4B38-AF14-2622485CEA9D}.Ad-Hoc|x86.ActiveCfg = Release|Any CPU
		{FD4F8296-8C12-4B38-AF14-2622485CEA9D}.Ad-Hoc|x86.Build.0 = Release|Any CPU
		{FD4F8296-8C12-4B38-AF14-2622485CEA9D}.Ad-Hoc|x86.Deploy.0 = Release|Any CPU
		{FD4F8296-8C12-4B38-AF14-2622485CEA9D}.AppStore|Any CPU.ActiveCfg = Release|Any CPU
		{FD4F8296-8C12-4B38-AF14-2622485CEA9D}.AppStore|Any CPU.Build.0 = Release|Any CPU
		{FD4F8296-8C12-4B38-AF14-2622485CEA9D}.AppStore|Any CPU.Deploy.0 = Release|Any CPU
		{FD4F8296-8C12-4B38-AF14-2622485CEA9D}.AppStore|ARM.ActiveCfg = Release|Any CPU
		{FD4F8296-8C12-4B38-AF14-2622485CEA9D}.AppStore|ARM.Build.0 = Release|Any CPU
		{FD4F8296-8C12-4B38-AF14-2622485CEA9D}.AppStore|ARM.Deploy.0 = Release|Any CPU
		{FD4F8296-8C12-4B38-AF14-2622485CEA9D}.AppStore|iPhone.ActiveCfg = Release|Any CPU
		{FD4F8296-8C12-4B38-AF14-2622485CEA9D}.AppStore|iPhone.Build.0 = Release|Any CPU
		{FD4F8296-8C12-4B38-AF14-2622485CEA9D}.AppStore|iPhone.Deploy.0 = Release|Any CPU
		{FD4F8296-8C12-4B38-AF14-2622485CEA9D}.AppStore|iPhoneSimulator.ActiveCfg = Release|Any CPU
		{FD4F8296-8C12-4B38-AF14-2622485CEA9D}.AppStore|iPhoneSimulator.Build.0 = Release|Any CPU
		{FD4F8296-8C12-4B38-AF14-2622485CEA9D}.AppStore|iPhoneSimulator.Deploy.0 = Release|Any CPU
		{FD4F8296-8C12-4B38-AF14-2622485CEA9D}.AppStore|x64.ActiveCfg = Release|Any CPU
		{FD4F8296-8C12-4B38-AF14-2622485CEA9D}.AppStore|x64.Build.0 = Release|Any CPU
		{FD4F8296-8C12-4B38-AF14-2622485CEA9D}.AppStore|x64.Deploy.0 = Release|Any CPU
		{FD4F8296-8C12-4B38-AF14-2622485CEA9D}.AppStore|x86.ActiveCfg = Release|Any CPU
		{FD4F8296-8C12-4B38-AF14-2622485CEA9D}.AppStore|x86.Build.0 = Release|Any CPU
		{FD4F8296-8C12-4B38-AF14-2622485CEA9D}.AppStore|x86.Deploy.0 = Release|Any CPU
		{FD4F8296-8C12-4B38-AF14-2622485CEA9D}.Debug|Any CPU.ActiveCfg = Debug|Any CPU
		{FD4F8296-8C12-4B38-AF14-2622485CEA9D}.Debug|Any CPU.Build.0 = Debug|Any CPU
		{FD4F8296-8C12-4B38-AF14-2622485CEA9D}.Debug|Any CPU.Deploy.0 = Debug|Any CPU
		{FD4F8296-8C12-4B38-AF14-2622485CEA9D}.Debug|ARM.ActiveCfg = Debug|Any CPU
		{FD4F8296-8C12-4B38-AF14-2622485CEA9D}.Debug|ARM.Build.0 = Debug|Any CPU
		{FD4F8296-8C12-4B38-AF14-2622485CEA9D}.Debug|ARM.Deploy.0 = Debug|Any CPU
		{FD4F8296-8C12-4B38-AF14-2622485CEA9D}.Debug|iPhone.ActiveCfg = Debug|Any CPU
		{FD4F8296-8C12-4B38-AF14-2622485CEA9D}.Debug|iPhone.Build.0 = Debug|Any CPU
		{FD4F8296-8C12-4B38-AF14-2622485CEA9D}.Debug|iPhone.Deploy.0 = Debug|Any CPU
		{FD4F8296-8C12-4B38-AF14-2622485CEA9D}.Debug|iPhoneSimulator.ActiveCfg = Debug|Any CPU
		{FD4F8296-8C12-4B38-AF14-2622485CEA9D}.Debug|iPhoneSimulator.Build.0 = Debug|Any CPU
		{FD4F8296-8C12-4B38-AF14-2622485CEA9D}.Debug|iPhoneSimulator.Deploy.0 = Debug|Any CPU
		{FD4F8296-8C12-4B38-AF14-2622485CEA9D}.Debug|x64.ActiveCfg = Debug|Any CPU
		{FD4F8296-8C12-4B38-AF14-2622485CEA9D}.Debug|x64.Build.0 = Debug|Any CPU
		{FD4F8296-8C12-4B38-AF14-2622485CEA9D}.Debug|x64.Deploy.0 = Debug|Any CPU
		{FD4F8296-8C12-4B38-AF14-2622485CEA9D}.Debug|x86.ActiveCfg = Debug|Any CPU
		{FD4F8296-8C12-4B38-AF14-2622485CEA9D}.Debug|x86.Build.0 = Debug|Any CPU
		{FD4F8296-8C12-4B38-AF14-2622485CEA9D}.Debug|x86.Deploy.0 = Debug|Any CPU
		{FD4F8296-8C12-4B38-AF14-2622485CEA9D}.Release|Any CPU.ActiveCfg = Release|Any CPU
		{FD4F8296-8C12-4B38-AF14-2622485CEA9D}.Release|Any CPU.Build.0 = Release|Any CPU
		{FD4F8296-8C12-4B38-AF14-2622485CEA9D}.Release|Any CPU.Deploy.0 = Release|Any CPU
		{FD4F8296-8C12-4B38-AF14-2622485CEA9D}.Release|ARM.ActiveCfg = Release|Any CPU
		{FD4F8296-8C12-4B38-AF14-2622485CEA9D}.Release|ARM.Build.0 = Release|Any CPU
		{FD4F8296-8C12-4B38-AF14-2622485CEA9D}.Release|ARM.Deploy.0 = Release|Any CPU
		{FD4F8296-8C12-4B38-AF14-2622485CEA9D}.Release|iPhone.ActiveCfg = Release|Any CPU
		{FD4F8296-8C12-4B38-AF14-2622485CEA9D}.Release|iPhone.Build.0 = Release|Any CPU
		{FD4F8296-8C12-4B38-AF14-2622485CEA9D}.Release|iPhone.Deploy.0 = Release|Any CPU
		{FD4F8296-8C12-4B38-AF14-2622485CEA9D}.Release|iPhoneSimulator.ActiveCfg = Release|Any CPU
		{FD4F8296-8C12-4B38-AF14-2622485CEA9D}.Release|iPhoneSimulator.Build.0 = Release|Any CPU
		{FD4F8296-8C12-4B38-AF14-2622485CEA9D}.Release|iPhoneSimulator.Deploy.0 = Release|Any CPU
		{FD4F8296-8C12-4B38-AF14-2622485CEA9D}.Release|x64.ActiveCfg = Release|Any CPU
		{FD4F8296-8C12-4B38-AF14-2622485CEA9D}.Release|x64.Build.0 = Release|Any CPU
		{FD4F8296-8C12-4B38-AF14-2622485CEA9D}.Release|x64.Deploy.0 = Release|Any CPU
		{FD4F8296-8C12-4B38-AF14-2622485CEA9D}.Release|x86.ActiveCfg = Release|Any CPU
		{FD4F8296-8C12-4B38-AF14-2622485CEA9D}.Release|x86.Build.0 = Release|Any CPU
		{FD4F8296-8C12-4B38-AF14-2622485CEA9D}.Release|x86.Deploy.0 = Release|Any CPU
		{4CA1FEA0-B5C8-40AC-B956-463FA4469031}.Ad-Hoc|Any CPU.ActiveCfg = Ad-Hoc|iPhone
		{4CA1FEA0-B5C8-40AC-B956-463FA4469031}.Ad-Hoc|ARM.ActiveCfg = Ad-Hoc|iPhone
		{4CA1FEA0-B5C8-40AC-B956-463FA4469031}.Ad-Hoc|iPhone.ActiveCfg = Ad-Hoc|iPhone
		{4CA1FEA0-B5C8-40AC-B956-463FA4469031}.Ad-Hoc|iPhone.Build.0 = Ad-Hoc|iPhone
		{4CA1FEA0-B5C8-40AC-B956-463FA4469031}.Ad-Hoc|iPhoneSimulator.ActiveCfg = Ad-Hoc|iPhoneSimulator
		{4CA1FEA0-B5C8-40AC-B956-463FA4469031}.Ad-Hoc|iPhoneSimulator.Build.0 = Ad-Hoc|iPhoneSimulator
		{4CA1FEA0-B5C8-40AC-B956-463FA4469031}.Ad-Hoc|x64.ActiveCfg = Ad-Hoc|iPhone
		{4CA1FEA0-B5C8-40AC-B956-463FA4469031}.Ad-Hoc|x86.ActiveCfg = Ad-Hoc|iPhone
		{4CA1FEA0-B5C8-40AC-B956-463FA4469031}.AppStore|Any CPU.ActiveCfg = AppStore|iPhone
		{4CA1FEA0-B5C8-40AC-B956-463FA4469031}.AppStore|ARM.ActiveCfg = AppStore|iPhone
		{4CA1FEA0-B5C8-40AC-B956-463FA4469031}.AppStore|iPhone.ActiveCfg = AppStore|iPhone
		{4CA1FEA0-B5C8-40AC-B956-463FA4469031}.AppStore|iPhone.Build.0 = AppStore|iPhone
		{4CA1FEA0-B5C8-40AC-B956-463FA4469031}.AppStore|iPhoneSimulator.ActiveCfg = AppStore|iPhoneSimulator
		{4CA1FEA0-B5C8-40AC-B956-463FA4469031}.AppStore|iPhoneSimulator.Build.0 = AppStore|iPhoneSimulator
		{4CA1FEA0-B5C8-40AC-B956-463FA4469031}.AppStore|x64.ActiveCfg = AppStore|iPhone
		{4CA1FEA0-B5C8-40AC-B956-463FA4469031}.AppStore|x86.ActiveCfg = AppStore|iPhone
		{4CA1FEA0-B5C8-40AC-B956-463FA4469031}.Debug|Any CPU.ActiveCfg = Debug|iPhone
		{4CA1FEA0-B5C8-40AC-B956-463FA4469031}.Debug|ARM.ActiveCfg = Debug|iPhone
		{4CA1FEA0-B5C8-40AC-B956-463FA4469031}.Debug|iPhone.ActiveCfg = Debug|iPhone
		{4CA1FEA0-B5C8-40AC-B956-463FA4469031}.Debug|iPhone.Build.0 = Debug|iPhone
		{4CA1FEA0-B5C8-40AC-B956-463FA4469031}.Debug|iPhoneSimulator.ActiveCfg = Debug|iPhoneSimulator
		{4CA1FEA0-B5C8-40AC-B956-463FA4469031}.Debug|iPhoneSimulator.Build.0 = Debug|iPhoneSimulator
		{4CA1FEA0-B5C8-40AC-B956-463FA4469031}.Debug|x64.ActiveCfg = Debug|iPhone
		{4CA1FEA0-B5C8-40AC-B956-463FA4469031}.Debug|x86.ActiveCfg = Debug|iPhone
		{4CA1FEA0-B5C8-40AC-B956-463FA4469031}.Release|Any CPU.ActiveCfg = Release|iPhone
		{4CA1FEA0-B5C8-40AC-B956-463FA4469031}.Release|ARM.ActiveCfg = Release|iPhone
		{4CA1FEA0-B5C8-40AC-B956-463FA4469031}.Release|iPhone.ActiveCfg = Release|iPhone
		{4CA1FEA0-B5C8-40AC-B956-463FA4469031}.Release|iPhone.Build.0 = Release|iPhone
		{4CA1FEA0-B5C8-40AC-B956-463FA4469031}.Release|iPhoneSimulator.ActiveCfg = Release|iPhoneSimulator
		{4CA1FEA0-B5C8-40AC-B956-463FA4469031}.Release|iPhoneSimulator.Build.0 = Release|iPhoneSimulator
		{4CA1FEA0-B5C8-40AC-B956-463FA4469031}.Release|x64.ActiveCfg = Release|iPhone
		{4CA1FEA0-B5C8-40AC-B956-463FA4469031}.Release|x86.ActiveCfg = Release|iPhone
		{2867B9B5-F22B-4E90-B3A1-0E21FDE29C6A}.Ad-Hoc|Any CPU.ActiveCfg = Release|Any CPU
		{2867B9B5-F22B-4E90-B3A1-0E21FDE29C6A}.Ad-Hoc|Any CPU.Build.0 = Release|Any CPU
		{2867B9B5-F22B-4E90-B3A1-0E21FDE29C6A}.Ad-Hoc|Any CPU.Deploy.0 = Release|Any CPU
		{2867B9B5-F22B-4E90-B3A1-0E21FDE29C6A}.Ad-Hoc|ARM.ActiveCfg = Release|ARM
		{2867B9B5-F22B-4E90-B3A1-0E21FDE29C6A}.Ad-Hoc|ARM.Build.0 = Release|ARM
		{2867B9B5-F22B-4E90-B3A1-0E21FDE29C6A}.Ad-Hoc|ARM.Deploy.0 = Release|ARM
		{2867B9B5-F22B-4E90-B3A1-0E21FDE29C6A}.Ad-Hoc|iPhone.ActiveCfg = Release|Any CPU
		{2867B9B5-F22B-4E90-B3A1-0E21FDE29C6A}.Ad-Hoc|iPhone.Build.0 = Release|Any CPU
		{2867B9B5-F22B-4E90-B3A1-0E21FDE29C6A}.Ad-Hoc|iPhone.Deploy.0 = Release|Any CPU
		{2867B9B5-F22B-4E90-B3A1-0E21FDE29C6A}.Ad-Hoc|iPhoneSimulator.ActiveCfg = Release|Any CPU
		{2867B9B5-F22B-4E90-B3A1-0E21FDE29C6A}.Ad-Hoc|iPhoneSimulator.Build.0 = Release|Any CPU
		{2867B9B5-F22B-4E90-B3A1-0E21FDE29C6A}.Ad-Hoc|iPhoneSimulator.Deploy.0 = Release|Any CPU
		{2867B9B5-F22B-4E90-B3A1-0E21FDE29C6A}.Ad-Hoc|x64.ActiveCfg = Release|Any CPU
		{2867B9B5-F22B-4E90-B3A1-0E21FDE29C6A}.Ad-Hoc|x64.Build.0 = Release|Any CPU
		{2867B9B5-F22B-4E90-B3A1-0E21FDE29C6A}.Ad-Hoc|x64.Deploy.0 = Release|Any CPU
		{2867B9B5-F22B-4E90-B3A1-0E21FDE29C6A}.Ad-Hoc|x86.ActiveCfg = Release|x86
		{2867B9B5-F22B-4E90-B3A1-0E21FDE29C6A}.Ad-Hoc|x86.Build.0 = Release|x86
		{2867B9B5-F22B-4E90-B3A1-0E21FDE29C6A}.Ad-Hoc|x86.Deploy.0 = Release|x86
		{2867B9B5-F22B-4E90-B3A1-0E21FDE29C6A}.AppStore|Any CPU.ActiveCfg = Release|Any CPU
		{2867B9B5-F22B-4E90-B3A1-0E21FDE29C6A}.AppStore|Any CPU.Build.0 = Release|Any CPU
		{2867B9B5-F22B-4E90-B3A1-0E21FDE29C6A}.AppStore|Any CPU.Deploy.0 = Release|Any CPU
		{2867B9B5-F22B-4E90-B3A1-0E21FDE29C6A}.AppStore|ARM.ActiveCfg = Release|ARM
		{2867B9B5-F22B-4E90-B3A1-0E21FDE29C6A}.AppStore|ARM.Build.0 = Release|ARM
		{2867B9B5-F22B-4E90-B3A1-0E21FDE29C6A}.AppStore|ARM.Deploy.0 = Release|ARM
		{2867B9B5-F22B-4E90-B3A1-0E21FDE29C6A}.AppStore|iPhone.ActiveCfg = Release|Any CPU
		{2867B9B5-F22B-4E90-B3A1-0E21FDE29C6A}.AppStore|iPhone.Build.0 = Release|Any CPU
		{2867B9B5-F22B-4E90-B3A1-0E21FDE29C6A}.AppStore|iPhone.Deploy.0 = Release|Any CPU
		{2867B9B5-F22B-4E90-B3A1-0E21FDE29C6A}.AppStore|iPhoneSimulator.ActiveCfg = Release|Any CPU
		{2867B9B5-F22B-4E90-B3A1-0E21FDE29C6A}.AppStore|iPhoneSimulator.Build.0 = Release|Any CPU
		{2867B9B5-F22B-4E90-B3A1-0E21FDE29C6A}.AppStore|iPhoneSimulator.Deploy.0 = Release|Any CPU
		{2867B9B5-F22B-4E90-B3A1-0E21FDE29C6A}.AppStore|x64.ActiveCfg = Release|Any CPU
		{2867B9B5-F22B-4E90-B3A1-0E21FDE29C6A}.AppStore|x64.Build.0 = Release|Any CPU
		{2867B9B5-F22B-4E90-B3A1-0E21FDE29C6A}.AppStore|x64.Deploy.0 = Release|Any CPU
		{2867B9B5-F22B-4E90-B3A1-0E21FDE29C6A}.AppStore|x86.ActiveCfg = Release|x86
		{2867B9B5-F22B-4E90-B3A1-0E21FDE29C6A}.AppStore|x86.Build.0 = Release|x86
		{2867B9B5-F22B-4E90-B3A1-0E21FDE29C6A}.AppStore|x86.Deploy.0 = Release|x86
		{2867B9B5-F22B-4E90-B3A1-0E21FDE29C6A}.Debug|Any CPU.ActiveCfg = Debug|Any CPU
		{2867B9B5-F22B-4E90-B3A1-0E21FDE29C6A}.Debug|Any CPU.Build.0 = Debug|Any CPU
		{2867B9B5-F22B-4E90-B3A1-0E21FDE29C6A}.Debug|Any CPU.Deploy.0 = Debug|Any CPU
		{2867B9B5-F22B-4E90-B3A1-0E21FDE29C6A}.Debug|ARM.ActiveCfg = Debug|ARM
		{2867B9B5-F22B-4E90-B3A1-0E21FDE29C6A}.Debug|ARM.Build.0 = Debug|ARM
		{2867B9B5-F22B-4E90-B3A1-0E21FDE29C6A}.Debug|ARM.Deploy.0 = Debug|ARM
		{2867B9B5-F22B-4E90-B3A1-0E21FDE29C6A}.Debug|iPhone.ActiveCfg = Debug|Any CPU
		{2867B9B5-F22B-4E90-B3A1-0E21FDE29C6A}.Debug|iPhone.Build.0 = Debug|Any CPU
		{2867B9B5-F22B-4E90-B3A1-0E21FDE29C6A}.Debug|iPhone.Deploy.0 = Debug|Any CPU
		{2867B9B5-F22B-4E90-B3A1-0E21FDE29C6A}.Debug|iPhoneSimulator.ActiveCfg = Debug|Any CPU
		{2867B9B5-F22B-4E90-B3A1-0E21FDE29C6A}.Debug|iPhoneSimulator.Build.0 = Debug|Any CPU
		{2867B9B5-F22B-4E90-B3A1-0E21FDE29C6A}.Debug|iPhoneSimulator.Deploy.0 = Debug|Any CPU
		{2867B9B5-F22B-4E90-B3A1-0E21FDE29C6A}.Debug|x64.ActiveCfg = Debug|Any CPU
		{2867B9B5-F22B-4E90-B3A1-0E21FDE29C6A}.Debug|x64.Build.0 = Debug|Any CPU
		{2867B9B5-F22B-4E90-B3A1-0E21FDE29C6A}.Debug|x64.Deploy.0 = Debug|Any CPU
		{2867B9B5-F22B-4E90-B3A1-0E21FDE29C6A}.Debug|x86.ActiveCfg = Debug|x86
		{2867B9B5-F22B-4E90-B3A1-0E21FDE29C6A}.Debug|x86.Build.0 = Debug|x86
		{2867B9B5-F22B-4E90-B3A1-0E21FDE29C6A}.Debug|x86.Deploy.0 = Debug|x86
		{2867B9B5-F22B-4E90-B3A1-0E21FDE29C6A}.Release|Any CPU.ActiveCfg = Release|Any CPU
		{2867B9B5-F22B-4E90-B3A1-0E21FDE29C6A}.Release|Any CPU.Build.0 = Release|Any CPU
		{2867B9B5-F22B-4E90-B3A1-0E21FDE29C6A}.Release|Any CPU.Deploy.0 = Release|Any CPU
		{2867B9B5-F22B-4E90-B3A1-0E21FDE29C6A}.Release|ARM.ActiveCfg = Release|ARM
		{2867B9B5-F22B-4E90-B3A1-0E21FDE29C6A}.Release|ARM.Build.0 = Release|ARM
		{2867B9B5-F22B-4E90-B3A1-0E21FDE29C6A}.Release|ARM.Deploy.0 = Release|ARM
		{2867B9B5-F22B-4E90-B3A1-0E21FDE29C6A}.Release|iPhone.ActiveCfg = Release|Any CPU
		{2867B9B5-F22B-4E90-B3A1-0E21FDE29C6A}.Release|iPhone.Build.0 = Release|Any CPU
		{2867B9B5-F22B-4E90-B3A1-0E21FDE29C6A}.Release|iPhone.Deploy.0 = Release|Any CPU
		{2867B9B5-F22B-4E90-B3A1-0E21FDE29C6A}.Release|iPhoneSimulator.ActiveCfg = Release|Any CPU
		{2867B9B5-F22B-4E90-B3A1-0E21FDE29C6A}.Release|iPhoneSimulator.Build.0 = Release|Any CPU
		{2867B9B5-F22B-4E90-B3A1-0E21FDE29C6A}.Release|iPhoneSimulator.Deploy.0 = Release|Any CPU
		{2867B9B5-F22B-4E90-B3A1-0E21FDE29C6A}.Release|x64.ActiveCfg = Release|Any CPU
		{2867B9B5-F22B-4E90-B3A1-0E21FDE29C6A}.Release|x64.Build.0 = Release|Any CPU
		{2867B9B5-F22B-4E90-B3A1-0E21FDE29C6A}.Release|x64.Deploy.0 = Release|Any CPU
		{2867B9B5-F22B-4E90-B3A1-0E21FDE29C6A}.Release|x86.ActiveCfg = Release|x86
		{2867B9B5-F22B-4E90-B3A1-0E21FDE29C6A}.Release|x86.Build.0 = Release|x86
		{2867B9B5-F22B-4E90-B3A1-0E21FDE29C6A}.Release|x86.Deploy.0 = Release|x86
		{A4AA0104-F770-4077-832F-0118A4A63746}.Ad-Hoc|Any CPU.ActiveCfg = Release|x86
		{A4AA0104-F770-4077-832F-0118A4A63746}.Ad-Hoc|Any CPU.Build.0 = Release|x86
		{A4AA0104-F770-4077-832F-0118A4A63746}.Ad-Hoc|Any CPU.Deploy.0 = Release|x86
		{A4AA0104-F770-4077-832F-0118A4A63746}.Ad-Hoc|ARM.ActiveCfg = Release|ARM
		{A4AA0104-F770-4077-832F-0118A4A63746}.Ad-Hoc|ARM.Build.0 = Release|ARM
		{A4AA0104-F770-4077-832F-0118A4A63746}.Ad-Hoc|ARM.Deploy.0 = Release|ARM
		{A4AA0104-F770-4077-832F-0118A4A63746}.Ad-Hoc|iPhone.ActiveCfg = Release|x86
		{A4AA0104-F770-4077-832F-0118A4A63746}.Ad-Hoc|iPhone.Build.0 = Release|x86
		{A4AA0104-F770-4077-832F-0118A4A63746}.Ad-Hoc|iPhone.Deploy.0 = Release|x86
		{A4AA0104-F770-4077-832F-0118A4A63746}.Ad-Hoc|iPhoneSimulator.ActiveCfg = Release|x86
		{A4AA0104-F770-4077-832F-0118A4A63746}.Ad-Hoc|iPhoneSimulator.Build.0 = Release|x86
		{A4AA0104-F770-4077-832F-0118A4A63746}.Ad-Hoc|iPhoneSimulator.Deploy.0 = Release|x86
		{A4AA0104-F770-4077-832F-0118A4A63746}.Ad-Hoc|x64.ActiveCfg = Release|x64
		{A4AA0104-F770-4077-832F-0118A4A63746}.Ad-Hoc|x64.Build.0 = Release|x64
		{A4AA0104-F770-4077-832F-0118A4A63746}.Ad-Hoc|x64.Deploy.0 = Release|x64
		{A4AA0104-F770-4077-832F-0118A4A63746}.Ad-Hoc|x86.ActiveCfg = Release|x86
		{A4AA0104-F770-4077-832F-0118A4A63746}.Ad-Hoc|x86.Build.0 = Release|x86
		{A4AA0104-F770-4077-832F-0118A4A63746}.Ad-Hoc|x86.Deploy.0 = Release|x86
		{A4AA0104-F770-4077-832F-0118A4A63746}.AppStore|Any CPU.ActiveCfg = Release|x86
		{A4AA0104-F770-4077-832F-0118A4A63746}.AppStore|Any CPU.Build.0 = Release|x86
		{A4AA0104-F770-4077-832F-0118A4A63746}.AppStore|Any CPU.Deploy.0 = Release|x86
		{A4AA0104-F770-4077-832F-0118A4A63746}.AppStore|ARM.ActiveCfg = Release|ARM
		{A4AA0104-F770-4077-832F-0118A4A63746}.AppStore|ARM.Build.0 = Release|ARM
		{A4AA0104-F770-4077-832F-0118A4A63746}.AppStore|ARM.Deploy.0 = Release|ARM
		{A4AA0104-F770-4077-832F-0118A4A63746}.AppStore|iPhone.ActiveCfg = Release|x86
		{A4AA0104-F770-4077-832F-0118A4A63746}.AppStore|iPhone.Build.0 = Release|x86
		{A4AA0104-F770-4077-832F-0118A4A63746}.AppStore|iPhone.Deploy.0 = Release|x86
		{A4AA0104-F770-4077-832F-0118A4A63746}.AppStore|iPhoneSimulator.ActiveCfg = Release|x86
		{A4AA0104-F770-4077-832F-0118A4A63746}.AppStore|iPhoneSimulator.Build.0 = Release|x86
		{A4AA0104-F770-4077-832F-0118A4A63746}.AppStore|iPhoneSimulator.Deploy.0 = Release|x86
		{A4AA0104-F770-4077-832F-0118A4A63746}.AppStore|x64.ActiveCfg = Release|x64
		{A4AA0104-F770-4077-832F-0118A4A63746}.AppStore|x64.Build.0 = Release|x64
		{A4AA0104-F770-4077-832F-0118A4A63746}.AppStore|x64.Deploy.0 = Release|x64
		{A4AA0104-F770-4077-832F-0118A4A63746}.AppStore|x86.ActiveCfg = Release|x86
		{A4AA0104-F770-4077-832F-0118A4A63746}.AppStore|x86.Build.0 = Release|x86
		{A4AA0104-F770-4077-832F-0118A4A63746}.AppStore|x86.Deploy.0 = Release|x86
		{A4AA0104-F770-4077-832F-0118A4A63746}.Debug|Any CPU.ActiveCfg = Debug|x86
		{A4AA0104-F770-4077-832F-0118A4A63746}.Debug|ARM.ActiveCfg = Debug|ARM
		{A4AA0104-F770-4077-832F-0118A4A63746}.Debug|ARM.Build.0 = Debug|ARM
		{A4AA0104-F770-4077-832F-0118A4A63746}.Debug|ARM.Deploy.0 = Debug|ARM
		{A4AA0104-F770-4077-832F-0118A4A63746}.Debug|iPhone.ActiveCfg = Debug|x86
		{A4AA0104-F770-4077-832F-0118A4A63746}.Debug|iPhoneSimulator.ActiveCfg = Debug|x86
		{A4AA0104-F770-4077-832F-0118A4A63746}.Debug|x64.ActiveCfg = Debug|x64
		{A4AA0104-F770-4077-832F-0118A4A63746}.Debug|x64.Build.0 = Debug|x64
		{A4AA0104-F770-4077-832F-0118A4A63746}.Debug|x64.Deploy.0 = Debug|x64
		{A4AA0104-F770-4077-832F-0118A4A63746}.Debug|x86.ActiveCfg = Debug|x86
		{A4AA0104-F770-4077-832F-0118A4A63746}.Debug|x86.Build.0 = Debug|x86
		{A4AA0104-F770-4077-832F-0118A4A63746}.Debug|x86.Deploy.0 = Debug|x86
		{A4AA0104-F770-4077-832F-0118A4A63746}.Release|Any CPU.ActiveCfg = Release|x86
		{A4AA0104-F770-4077-832F-0118A4A63746}.Release|ARM.ActiveCfg = Release|ARM
		{A4AA0104-F770-4077-832F-0118A4A63746}.Release|ARM.Build.0 = Release|ARM
		{A4AA0104-F770-4077-832F-0118A4A63746}.Release|ARM.Deploy.0 = Release|ARM
		{A4AA0104-F770-4077-832F-0118A4A63746}.Release|iPhone.ActiveCfg = Release|x86
		{A4AA0104-F770-4077-832F-0118A4A63746}.Release|iPhoneSimulator.ActiveCfg = Release|x86
		{A4AA0104-F770-4077-832F-0118A4A63746}.Release|x64.ActiveCfg = Release|x64
		{A4AA0104-F770-4077-832F-0118A4A63746}.Release|x64.Build.0 = Release|x64
		{A4AA0104-F770-4077-832F-0118A4A63746}.Release|x64.Deploy.0 = Release|x64
		{A4AA0104-F770-4077-832F-0118A4A63746}.Release|x86.ActiveCfg = Release|x86
		{A4AA0104-F770-4077-832F-0118A4A63746}.Release|x86.Build.0 = Release|x86
		{A4AA0104-F770-4077-832F-0118A4A63746}.Release|x86.Deploy.0 = Release|x86
		{382F2665-38B8-47A4-9FE5-7DA8E8721FEB}.Ad-Hoc|Any CPU.ActiveCfg = Release|Any CPU
		{382F2665-38B8-47A4-9FE5-7DA8E8721FEB}.Ad-Hoc|Any CPU.Build.0 = Release|Any CPU
		{382F2665-38B8-47A4-9FE5-7DA8E8721FEB}.Ad-Hoc|Any CPU.Deploy.0 = Release|Any CPU
		{382F2665-38B8-47A4-9FE5-7DA8E8721FEB}.Ad-Hoc|ARM.ActiveCfg = Release|ARM
		{382F2665-38B8-47A4-9FE5-7DA8E8721FEB}.Ad-Hoc|ARM.Build.0 = Release|ARM
		{382F2665-38B8-47A4-9FE5-7DA8E8721FEB}.Ad-Hoc|ARM.Deploy.0 = Release|ARM
		{382F2665-38B8-47A4-9FE5-7DA8E8721FEB}.Ad-Hoc|iPhone.ActiveCfg = Release|Any CPU
		{382F2665-38B8-47A4-9FE5-7DA8E8721FEB}.Ad-Hoc|iPhone.Build.0 = Release|Any CPU
		{382F2665-38B8-47A4-9FE5-7DA8E8721FEB}.Ad-Hoc|iPhone.Deploy.0 = Release|Any CPU
		{382F2665-38B8-47A4-9FE5-7DA8E8721FEB}.Ad-Hoc|iPhoneSimulator.ActiveCfg = Release|Any CPU
		{382F2665-38B8-47A4-9FE5-7DA8E8721FEB}.Ad-Hoc|iPhoneSimulator.Build.0 = Release|Any CPU
		{382F2665-38B8-47A4-9FE5-7DA8E8721FEB}.Ad-Hoc|iPhoneSimulator.Deploy.0 = Release|Any CPU
		{382F2665-38B8-47A4-9FE5-7DA8E8721FEB}.Ad-Hoc|x64.ActiveCfg = Release|x64
		{382F2665-38B8-47A4-9FE5-7DA8E8721FEB}.Ad-Hoc|x64.Build.0 = Release|x64
		{382F2665-38B8-47A4-9FE5-7DA8E8721FEB}.Ad-Hoc|x64.Deploy.0 = Release|x64
		{382F2665-38B8-47A4-9FE5-7DA8E8721FEB}.Ad-Hoc|x86.ActiveCfg = Release|x86
		{382F2665-38B8-47A4-9FE5-7DA8E8721FEB}.Ad-Hoc|x86.Build.0 = Release|x86
		{382F2665-38B8-47A4-9FE5-7DA8E8721FEB}.Ad-Hoc|x86.Deploy.0 = Release|x86
		{382F2665-38B8-47A4-9FE5-7DA8E8721FEB}.AppStore|Any CPU.ActiveCfg = Release|Any CPU
		{382F2665-38B8-47A4-9FE5-7DA8E8721FEB}.AppStore|Any CPU.Build.0 = Release|Any CPU
		{382F2665-38B8-47A4-9FE5-7DA8E8721FEB}.AppStore|Any CPU.Deploy.0 = Release|Any CPU
		{382F2665-38B8-47A4-9FE5-7DA8E8721FEB}.AppStore|ARM.ActiveCfg = Release|ARM
		{382F2665-38B8-47A4-9FE5-7DA8E8721FEB}.AppStore|ARM.Build.0 = Release|ARM
		{382F2665-38B8-47A4-9FE5-7DA8E8721FEB}.AppStore|ARM.Deploy.0 = Release|ARM
		{382F2665-38B8-47A4-9FE5-7DA8E8721FEB}.AppStore|iPhone.ActiveCfg = Release|Any CPU
		{382F2665-38B8-47A4-9FE5-7DA8E8721FEB}.AppStore|iPhone.Build.0 = Release|Any CPU
		{382F2665-38B8-47A4-9FE5-7DA8E8721FEB}.AppStore|iPhone.Deploy.0 = Release|Any CPU
		{382F2665-38B8-47A4-9FE5-7DA8E8721FEB}.AppStore|iPhoneSimulator.ActiveCfg = Release|Any CPU
		{382F2665-38B8-47A4-9FE5-7DA8E8721FEB}.AppStore|iPhoneSimulator.Build.0 = Release|Any CPU
		{382F2665-38B8-47A4-9FE5-7DA8E8721FEB}.AppStore|iPhoneSimulator.Deploy.0 = Release|Any CPU
		{382F2665-38B8-47A4-9FE5-7DA8E8721FEB}.AppStore|x64.ActiveCfg = Release|x64
		{382F2665-38B8-47A4-9FE5-7DA8E8721FEB}.AppStore|x64.Build.0 = Release|x64
		{382F2665-38B8-47A4-9FE5-7DA8E8721FEB}.AppStore|x64.Deploy.0 = Release|x64
		{382F2665-38B8-47A4-9FE5-7DA8E8721FEB}.AppStore|x86.ActiveCfg = Release|x86
		{382F2665-38B8-47A4-9FE5-7DA8E8721FEB}.AppStore|x86.Build.0 = Release|x86
		{382F2665-38B8-47A4-9FE5-7DA8E8721FEB}.AppStore|x86.Deploy.0 = Release|x86
		{382F2665-38B8-47A4-9FE5-7DA8E8721FEB}.Debug|Any CPU.ActiveCfg = Debug|Any CPU
		{382F2665-38B8-47A4-9FE5-7DA8E8721FEB}.Debug|Any CPU.Build.0 = Debug|Any CPU
		{382F2665-38B8-47A4-9FE5-7DA8E8721FEB}.Debug|Any CPU.Deploy.0 = Debug|Any CPU
		{382F2665-38B8-47A4-9FE5-7DA8E8721FEB}.Debug|ARM.ActiveCfg = Debug|ARM
		{382F2665-38B8-47A4-9FE5-7DA8E8721FEB}.Debug|ARM.Build.0 = Debug|ARM
		{382F2665-38B8-47A4-9FE5-7DA8E8721FEB}.Debug|ARM.Deploy.0 = Debug|ARM
		{382F2665-38B8-47A4-9FE5-7DA8E8721FEB}.Debug|iPhone.ActiveCfg = Debug|Any CPU
		{382F2665-38B8-47A4-9FE5-7DA8E8721FEB}.Debug|iPhone.Build.0 = Debug|Any CPU
		{382F2665-38B8-47A4-9FE5-7DA8E8721FEB}.Debug|iPhone.Deploy.0 = Debug|Any CPU
		{382F2665-38B8-47A4-9FE5-7DA8E8721FEB}.Debug|iPhoneSimulator.ActiveCfg = Debug|Any CPU
		{382F2665-38B8-47A4-9FE5-7DA8E8721FEB}.Debug|iPhoneSimulator.Build.0 = Debug|Any CPU
		{382F2665-38B8-47A4-9FE5-7DA8E8721FEB}.Debug|iPhoneSimulator.Deploy.0 = Debug|Any CPU
		{382F2665-38B8-47A4-9FE5-7DA8E8721FEB}.Debug|x64.ActiveCfg = Debug|x64
		{382F2665-38B8-47A4-9FE5-7DA8E8721FEB}.Debug|x64.Build.0 = Debug|x64
		{382F2665-38B8-47A4-9FE5-7DA8E8721FEB}.Debug|x64.Deploy.0 = Debug|x64
		{382F2665-38B8-47A4-9FE5-7DA8E8721FEB}.Debug|x86.ActiveCfg = Debug|x86
		{382F2665-38B8-47A4-9FE5-7DA8E8721FEB}.Debug|x86.Build.0 = Debug|x86
		{382F2665-38B8-47A4-9FE5-7DA8E8721FEB}.Debug|x86.Deploy.0 = Debug|x86
		{382F2665-38B8-47A4-9FE5-7DA8E8721FEB}.Release|Any CPU.ActiveCfg = Release|Any CPU
		{382F2665-38B8-47A4-9FE5-7DA8E8721FEB}.Release|Any CPU.Build.0 = Release|Any CPU
		{382F2665-38B8-47A4-9FE5-7DA8E8721FEB}.Release|Any CPU.Deploy.0 = Release|Any CPU
		{382F2665-38B8-47A4-9FE5-7DA8E8721FEB}.Release|ARM.ActiveCfg = Release|ARM
		{382F2665-38B8-47A4-9FE5-7DA8E8721FEB}.Release|ARM.Build.0 = Release|ARM
		{382F2665-38B8-47A4-9FE5-7DA8E8721FEB}.Release|ARM.Deploy.0 = Release|ARM
		{382F2665-38B8-47A4-9FE5-7DA8E8721FEB}.Release|iPhone.ActiveCfg = Release|Any CPU
		{382F2665-38B8-47A4-9FE5-7DA8E8721FEB}.Release|iPhone.Build.0 = Release|Any CPU
		{382F2665-38B8-47A4-9FE5-7DA8E8721FEB}.Release|iPhone.Deploy.0 = Release|Any CPU
		{382F2665-38B8-47A4-9FE5-7DA8E8721FEB}.Release|iPhoneSimulator.ActiveCfg = Release|Any CPU
		{382F2665-38B8-47A4-9FE5-7DA8E8721FEB}.Release|iPhoneSimulator.Build.0 = Release|Any CPU
		{382F2665-38B8-47A4-9FE5-7DA8E8721FEB}.Release|iPhoneSimulator.Deploy.0 = Release|Any CPU
		{382F2665-38B8-47A4-9FE5-7DA8E8721FEB}.Release|x64.ActiveCfg = Release|x64
		{382F2665-38B8-47A4-9FE5-7DA8E8721FEB}.Release|x64.Build.0 = Release|x64
		{382F2665-38B8-47A4-9FE5-7DA8E8721FEB}.Release|x64.Deploy.0 = Release|x64
		{382F2665-38B8-47A4-9FE5-7DA8E8721FEB}.Release|x86.ActiveCfg = Release|x86
		{382F2665-38B8-47A4-9FE5-7DA8E8721FEB}.Release|x86.Build.0 = Release|x86
		{382F2665-38B8-47A4-9FE5-7DA8E8721FEB}.Release|x86.Deploy.0 = Release|x86
	EndGlobalSection
	GlobalSection(SolutionProperties) = preSolution
		HideSolutionNode = FALSE
	EndGlobalSection
EndGlobal
